
Microsoft Visual Studio Solution File, Format Version 12.00
# Visual Studio 14
VisualStudioVersion = 14.0.25420.1
MinimumVisualStudioVersion = 10.0.40219.1
Project("{FAE04EC0-301F-11D3-BF4B-00C04F79EFBC}") = "WpfApp2", "WpfApp2\WpfApp2.csproj", "{B3BAEC59-4CBA-47D0-B04D-C510AF33E7DF}"
EndProject
Global
	GlobalSection(SolutionConfigurationPlatforms) = preSolution
		Debug|Any CPU = Debug|Any CPU
		Release|Any CPU = Release|Any CPU
	EndGlobalSection
	GlobalSection(ProjectConfigurationPlatforms) = postSolution
		{B3BAEC59-4CBA-47D0-B04D-C510AF33E7DF}.Debug|Any CPU.ActiveCfg = Debug|Any CPU
		{B3BAEC59-4CBA-47D0-B04D-C510AF33E7DF}.Debug|Any CPU.Build.0 = Debug|Any CPU
		{B3BAEC59-4CBA-47D0-B04D-C510AF33E7DF}.Release|Any CPU.ActiveCfg = Release|Any CPU
		{B3BAEC59-4CBA-47D0-B04D-C510AF33E7DF}.Release|Any CPU.Build.0 = Release|Any CPU
	EndGlobalSection
	GlobalSection(SolutionProperties) = preSolution
		HideSolutionNode = FALSE
	EndGlobalSection
	GlobalSection(ExtensibilityGlobals) = postSolution
		SolutionGuid = {61EF5A1F-5644-4D2C-BD83-6D507AA2F23B}
	EndGlobalSection
EndGlobal
